
Microsoft Visual Studio Solution File, Format Version 12.00
# Visual Studio 15
VisualStudioVersion = 15.0.28307.757
MinimumVisualStudioVersion = 10.0.40219.1
Project("{FAE04EC0-301F-11D3-BF4B-00C04F79EFBC}") = "ConsoleApp3", "ConsoleApp3\ConsoleApp3.csproj", "{A19EDE3D-B70E-4510-89BE-D62BA34127DD}"
EndProject
Global
	GlobalSection(SolutionConfigurationPlatforms) = preSolution
		Debug|Any CPU = Debug|Any CPU
		Release|Any CPU = Release|Any CPU
	EndGlobalSection
	GlobalSection(ProjectConfigurationPlatforms) = postSolution
		{A19EDE3D-B70E-4510-89BE-D62BA34127DD}.Debug|Any CPU.ActiveCfg = Debug|Any CPU
		{A19EDE3D-B70E-4510-89BE-D62BA34127DD}.Debug|Any CPU.Build.0 = Debug|Any CPU
		{A19EDE3D-B70E-4510-89BE-D62BA34127DD}.Release|Any CPU.ActiveCfg = Release|Any CPU
		{A19EDE3D-B70E-4510-89BE-D62BA34127DD}.Release|Any CPU.Build.0 = Release|Any CPU
	EndGlobalSection
	GlobalSection(SolutionProperties) = preSolution
		HideSolutionNode = FALSE
	EndGlobalSection
	GlobalSection(ExtensibilityGlobals) = postSolution
		SolutionGuid = {A4E3C345-1848-4DBF-8A23-64917F43210B}
	EndGlobalSection
EndGlobal
