
Microsoft Visual Studio Solution File, Format Version 12.00
# Visual Studio 15
VisualStudioVersion = 15.0.28307.757
MinimumVisualStudioVersion = 10.0.40219.1
Project("{2150E333-8FDC-42A3-9474-1A3956D46DE8}") = "src", "src", "{3B6073C0-340B-48EE-96EE-97A1A0D6A3A6}"
EndProject
Project("{2150E333-8FDC-42A3-9474-1A3956D46DE8}") = "services", "services", "{842A7FB8-0B6B-4F2E-83D2-D0CA06F06A40}"
EndProject
Project("{2150E333-8FDC-42A3-9474-1A3956D46DE8}") = "web", "web", "{5B1E511C-675D-480B-A5FB-EF99AFA5146C}"
EndProject
Project("{FAE04EC0-301F-11D3-BF4B-00C04F79EFBC}") = "EventAPI", "WebApplication1\EventAPI.csproj", "{4C319921-9C6C-4CAF-8391-8240D1F22DDF}"
EndProject
Global
	GlobalSection(SolutionConfigurationPlatforms) = preSolution
		Debug|Any CPU = Debug|Any CPU
		Release|Any CPU = Release|Any CPU
	EndGlobalSection
	GlobalSection(ProjectConfigurationPlatforms) = postSolution
		{4C319921-9C6C-4CAF-8391-8240D1F22DDF}.Debug|Any CPU.ActiveCfg = Debug|Any CPU
		{4C319921-9C6C-4CAF-8391-8240D1F22DDF}.Debug|Any CPU.Build.0 = Debug|Any CPU
		{4C319921-9C6C-4CAF-8391-8240D1F22DDF}.Release|Any CPU.ActiveCfg = Release|Any CPU
		{4C319921-9C6C-4CAF-8391-8240D1F22DDF}.Release|Any CPU.Build.0 = Release|Any CPU
	EndGlobalSection
	GlobalSection(SolutionProperties) = preSolution
		HideSolutionNode = FALSE
	EndGlobalSection
	GlobalSection(NestedProjects) = preSolution
		{842A7FB8-0B6B-4F2E-83D2-D0CA06F06A40} = {3B6073C0-340B-48EE-96EE-97A1A0D6A3A6}
		{5B1E511C-675D-480B-A5FB-EF99AFA5146C} = {3B6073C0-340B-48EE-96EE-97A1A0D6A3A6}
		{4C319921-9C6C-4CAF-8391-8240D1F22DDF} = {842A7FB8-0B6B-4F2E-83D2-D0CA06F06A40}
	EndGlobalSection
	GlobalSection(ExtensibilityGlobals) = postSolution
		SolutionGuid = {088B8391-8084-4876-A6D5-93447AED5DE2}
	EndGlobalSection
EndGlobal
